
Microsoft Visual Studio Solution File, Format Version 12.00
# Visual Studio 15
VisualStudioVersion = 15.0.26730.16
MinimumVisualStudioVersion = 10.0.40219.1
Project("{FAE04EC0-301F-11D3-BF4B-00C04F79EFBC}") = "CourseWork", "CourseWork\CourseWork.csproj", "{56134828-0E76-4DC6-9FBE-19288FE1BA3B}"
EndProject
Global
	GlobalSection(SolutionConfigurationPlatforms) = preSolution
		Debug|Any CPU = Debug|Any CPU
		Release|Any CPU = Release|Any CPU
	EndGlobalSection
	GlobalSection(ProjectConfigurationPlatforms) = postSolution
		{56134828-0E76-4DC6-9FBE-19288FE1BA3B}.Debug|Any CPU.ActiveCfg = Debug|Any CPU
		{56134828-0E76-4DC6-9FBE-19288FE1BA3B}.Debug|Any CPU.Build.0 = Debug|Any CPU
		{56134828-0E76-4DC6-9FBE-19288FE1BA3B}.Release|Any CPU.ActiveCfg = Release|Any CPU
		{56134828-0E76-4DC6-9FBE-19288FE1BA3B}.Release|Any CPU.Build.0 = Release|Any CPU
	EndGlobalSection
	GlobalSection(SolutionProperties) = preSolution
		HideSolutionNode = FALSE
	EndGlobalSection
	GlobalSection(ExtensibilityGlobals) = postSolution
		SolutionGuid = {079E036E-7312-40B9-B5BA-A5A9B0634A1D}
	EndGlobalSection
EndGlobal
